hash: 58a40f5a55b4cb125852bab734f3fe750bc788b5317f2c9d0d1e6556df3b1a9f
updated: 2016-11-23T18:59:12.895611342+08:00
imports:
- name: github.com/aws/aws-sdk-go
  version: 898c81ba64b9a467379d35e3fabad133beae0ee4
  subpackages:
  - aws
  - aws/awserr
  - service/ecs
- name: github.com/golang/glog
  version: 23def4e6c14b4da8ac2ed8007337bc5eb5007998
- name: github.com/urfave/cli
  version: 0bdeddeeb0f650497d603c4ad7b20cfe685682f6
- name: github.com/Wen777/ecs_state
  version: c6b3d7fd30ef3716ca1ac7cf8e40d5cce09ee2cb
- name: gopkg.in/gin-gonic/gin.v1
  version: 2dae550eb5392006a4582ce9c90016a9b5a74e8b
testImports: []
